// !$*UTF8*$!
{
	archiveVersion = 1;
	classes = {
	};
	objectVersion = 46;
	objects = {

/* Begin PBXBuildFile section */
		9C1D57721E27F95D00DAFD50 /* FontAwesomeSwift.h in Headers */ = {isa = PBXBuildFile; fileRef = 9C1D57701E27F95D00DAFD50 /* FontAwesomeSwift.h */; settings = {ATTRIBUTES = (Public, ); }; };
		9C1D579D1E27FAB300DAFD50 /* LICENSE in Resources */ = {isa = PBXBuildFile; fileRef = 9C1D57891E27FAB300DAFD50 /* LICENSE */; };
		9C1D579E1E27FAB300DAFD50 /* README.md in Sources */ = {isa = PBXBuildFile; fileRef = 9C1D578A1E27FAB300DAFD50 /* README.md */; };
		9C1D579F1E27FAB300DAFD50 /* helper.png in Resources */ = {isa = PBXBuildFile; fileRef = 9C1D578C1E27FAB300DAFD50 /* helper.png */; };
		9C1D57A01E27FAB300DAFD50 /* image1.png in Resources */ = {isa = PBXBuildFile; fileRef = 9C1D578D1E27FAB300DAFD50 /* image1.png */; };
		9C1D57A11E27FAB300DAFD50 /* opensource_matters.png in Resources */ = {isa = PBXBuildFile; fileRef = 9C1D578E1E27FAB300DAFD50 /* opensource_matters.png */; };
		9C1D57A21E27FAB300DAFD50 /* FAIcon.swift in Sources */ = {isa = PBXBuildFile; fileRef = 9C1D57901E27FAB300DAFD50 /* FAIcon.swift */; };
		9C1D57A31E27FAB300DAFD50 /* FontAwesome.ttf in Resources */ = {isa = PBXBuildFile; fileRef = 9C1D57911E27FAB300DAFD50 /* FontAwesome.ttf */; };
		9C1D57A41E27FAB300DAFD50 /* update_tool.php in Resources */ = {isa = PBXBuildFile; fileRef = 9C1D57931E27FAB300DAFD50 /* update_tool.php */; };
/* End PBXBuildFile section */

/* Begin PBXFileReference section */
		9C1D576D1E27F95D00DAFD50 /* FontAwesomeSwift.framework */ = {isa = PBXFileReference; explicitFileType = wrapper.framework; includeInIndex = 0; path = FontAwesomeSwift.framework; sourceTree = BUILT_PRODUCTS_DIR; };
		9C1D57701E27F95D00DAFD50 /* FontAwesomeSwift.h */ = {isa = PBXFileReference; lastKnownFileType = sourcecode.c.h; path = FontAwesomeSwift.h; sourceTree = "<group>"; };
		9C1D57711E27F95D00DAFD50 /* Info.plist */ = {isa = PBXFileReference; lastKnownFileType = text.plist.xml; path = Info.plist; sourceTree = "<group>"; };
		9C1D57891E27FAB300DAFD50 /* LICENSE */ = {isa = PBXFileReference; fileEncoding = 4; lastKnownFileType = text; path = LICENSE; sourceTree = "<group>"; };
		9C1D578A1E27FAB300DAFD50 /* README.md */ = {isa = PBXFileReference; fileEncoding = 4; lastKnownFileType = net.daringfireball.markdown; path = README.md; sourceTree = "<group>"; };
		9C1D578C1E27FAB300DAFD50 /* helper.png */ = {isa = PBXFileReference; lastKnownFileType = image.png; path = helper.png; sourceTree = "<group>"; };
		9C1D578D1E27FAB300DAFD50 /* image1.png */ = {isa = PBXFileReference; lastKnownFileType = image.png; path = image1.png; sourceTree = "<group>"; };
		9C1D578E1E27FAB300DAFD50 /* opensource_matters.png */ = {isa = PBXFileReference; lastKnownFileType = image.png; path = opensource_matters.png; sourceTree = "<group>"; };
		9C1D57901E27FAB300DAFD50 /* FAIcon.swift */ = {isa = PBXFileReference; fileEncoding = 4; lastKnownFileType = sourcecode.swift; path = FAIcon.swift; sourceTree = "<group>"; };
		9C1D57911E27FAB300DAFD50 /* FontAwesome.ttf */ = {isa = PBXFileReference; lastKnownFileType = file; path = FontAwesome.ttf; sourceTree = "<group>"; };
		9C1D57931E27FAB300DAFD50 /* update_tool.php */ = {isa = PBXFileReference; fileEncoding = 4; lastKnownFileType = text.script.php; path = update_tool.php; sourceTree = "<group>"; };
		9C1D57AC1E27FAD000DAFD50 /* XCTest.framework */ = {isa = PBXFileReference; lastKnownFileType = wrapper.framework; name = XCTest.framework; path = Platforms/iPhoneOS.platform/Developer/Library/Frameworks/XCTest.framework; sourceTree = DEVELOPER_DIR; };
/* End PBXFileReference section */

/* Begin PBXFrameworksBuildPhase section */
		9C1D57691E27F95D00DAFD50 /* Frameworks */ = {
			isa = PBXFrameworksBuildPhase;
			buildActionMask = 2147483647;
			files = (
			);
			runOnlyForDeploymentPostprocessing = 0;
		};
/* End PBXFrameworksBuildPhase section */

/* Begin PBXGroup section */
		9C1D57631E27F95D00DAFD50 = {
			isa = PBXGroup;
			children = (
				9C1D576F1E27F95D00DAFD50 /* FontAwesomeSwift */,
				9C1D576E1E27F95D00DAFD50 /* Products */,
				9C1D57AB1E27FAD000DAFD50 /* Frameworks */,
			);
			sourceTree = "<group>";
		};
		9C1D576E1E27F95D00DAFD50 /* Products */ = {
			isa = PBXGroup;
			children = (
				9C1D576D1E27F95D00DAFD50 /* FontAwesomeSwift.framework */,
			);
			name = Products;
			sourceTree = "<group>";
		};
		9C1D576F1E27F95D00DAFD50 /* FontAwesomeSwift */ = {
			isa = PBXGroup;
			children = (
				9C1D57891E27FAB300DAFD50 /* LICENSE */,
				9C1D578A1E27FAB300DAFD50 /* README.md */,
				9C1D578B1E27FAB300DAFD50 /* resources */,
				9C1D578F1E27FAB300DAFD50 /* Source */,
				9C1D57921E27FAB300DAFD50 /* tools */,
				9C1D57701E27F95D00DAFD50 /* FontAwesomeSwift.h */,
				9C1D57711E27F95D00DAFD50 /* Info.plist */,
			);
			path = FontAwesomeSwift;
			sourceTree = "<group>";
		};
		9C1D578B1E27FAB300DAFD50 /* resources */ = {
			isa = PBXGroup;
			children = (
				9C1D578C1E27FAB300DAFD50 /* helper.png */,
				9C1D578D1E27FAB300DAFD50 /* image1.png */,
				9C1D578E1E27FAB300DAFD50 /* opensource_matters.png */,
			);
			path = resources;
			sourceTree = "<group>";
		};
		9C1D578F1E27FAB300DAFD50 /* Source */ = {
			isa = PBXGroup;
			children = (
				9C1D57901E27FAB300DAFD50 /* FAIcon.swift */,
				9C1D57911E27FAB300DAFD50 /* FontAwesome.ttf */,
			);
			path = Source;
			sourceTree = "<group>";
		};
		9C1D57921E27FAB300DAFD50 /* tools */ = {
			isa = PBXGroup;
			children = (
				9C1D57931E27FAB300DAFD50 /* update_tool.php */,
			);
			path = tools;
			sourceTree = "<group>";
		};
		9C1D57AB1E27FAD000DAFD50 /* Frameworks */ = {
			isa = PBXGroup;
			children = (
				9C1D57AC1E27FAD000DAFD50 /* XCTest.framework */,
			);
			name = Frameworks;
			sourceTree = "<group>";
		};
/* End PBXGroup section */

/* Begin PBXHeadersBuildPhase section */
		9C1D576A1E27F95D00DAFD50 /* Headers */ = {
			isa = PBXHeadersBuildPhase;
			buildActionMask = 2147483647;
			files = (
				9C1D57721E27F95D00DAFD50 /* FontAwesomeSwift.h in Headers */,
			);
			runOnlyForDeploymentPostprocessing = 0;
		};
/* End PBXHeadersBuildPhase section */

/* Begin PBXNativeTarget section */
		9C1D576C1E27F95D00DAFD50 /* FontAwesomeSwift */ = {
			isa = PBXNativeTarget;
			buildConfigurationList = 9C1D57751E27F95D00DAFD50 /* Build configuration list for PBXNativeTarget "FontAwesomeSwift" */;
			buildPhases = (
				9C1D57681E27F95D00DAFD50 /* Sources */,
				9C1D57691E27F95D00DAFD50 /* Frameworks */,
				9C1D576A1E27F95D00DAFD50 /* Headers */,
				9C1D576B1E27F95D00DAFD50 /* Resources */,
			);
			buildRules = (
			);
			dependencies = (
			);
			name = FontAwesomeSwift;
			productName = FontAwesomeSwift;
			productReference = 9C1D576D1E27F95D00DAFD50 /* FontAwesomeSwift.framework */;
			productType = "com.apple.product-type.framework";
		};
/* End PBXNativeTarget section */

/* Begin PBXProject section */
		9C1D57641E27F95D00DAFD50 /* Project object */ = {
			isa = PBXProject;
			attributes = {
				LastUpgradeCheck = 0820;
				ORGANIZATIONNAME = arcanfel;
				TargetAttributes = {
					9C1D576C1E27F95D00DAFD50 = {
						CreatedOnToolsVersion = 8.2.1;
						ProvisioningStyle = Automatic;
					};
				};
			};
			buildConfigurationList = 9C1D57671E27F95D00DAFD50 /* Build configuration list for PBXProject "FontAwesomeSwift" */;
			compatibilityVersion = "Xcode 3.2";
			developmentRegion = English;
			hasScannedForEncodings = 0;
			knownRegions = (
				en,
				Base,
			);
			mainGroup = 9C1D57631E27F95D00DAFD50;
			productRefGroup = 9C1D576E1E27F95D00DAFD50 /* Products */;
			projectDirPath = "";
			projectRoot = "";
			targets = (
				9C1D576C1E27F95D00DAFD50 /* FontAwesomeSwift */,
			);
		};
/* End PBXProject section */

/* Begin PBXResourcesBuildPhase section */
		9C1D576B1E27F95D00DAFD50 /* Resources */ = {
			isa = PBXResourcesBuildPhase;
			buildActionMask = 2147483647;
			files = (
				9C1D579D1E27FAB300DAFD50 /* LICENSE in Resources */,
				9C1D57A31E27FAB300DAFD50 /* FontAwesome.ttf in Resources */,
				9C1D57A11E27FAB300DAFD50 /* opensource_matters.png in Resources */,
				9C1D57A01E27FAB300DAFD50 /* image1.png in Resources */,
				9C1D57A41E27FAB300DAFD50 /* update_tool.php in Resources */,
				9C1D579F1E27FAB300DAFD50 /* helper.png in Resources */,
			);
			runOnlyForDeploymentPostprocessing = 0;
		};
/* End PBXResourcesBuildPhase section */

/* Begin PBXSourcesBuildPhase section */
		9C1D57681E27F95D00DAFD50 /* Sources */ = {
			isa = PBXSourcesBuildPhase;
			buildActionMask = 2147483647;
			files = (
				9C1D579E1E27FAB300DAFD50 /* README.md in Sources */,
				9C1D57A21E27FAB300DAFD50 /* FAIcon.swift in Sources */,
			);
			runOnlyForDeploymentPostprocessing = 0;
		};
/* End PBXSourcesBuildPhase section */

/* Begin XCBuildConfiguration section */
		9C1D57731E27F95D00DAFD50 /* Debug */ = {
			isa = XCBuildConfiguration;
			buildSettings = {
				ALWAYS_SEARCH_USER_PATHS = NO;
				CLANG_ANALYZER_NONNULL = YES;
				CLANG_CXX_LANGUAGE_STANDARD = "gnu++0x";
				CLANG_CXX_LIBRARY = "libc++";
				CLANG_ENABLE_MODULES = YES;
				CLANG_ENABLE_OBJC_ARC = YES;
				CLANG_WARN_BOOL_CONVERSION = YES;
				CLANG_WARN_CONSTANT_CONVERSION = YES;
				CLANG_WARN_DIRECT_OBJC_ISA_USAGE = YES_ERROR;
				CLANG_WARN_DOCUMENTATION_COMMENTS = YES;
				CLANG_WARN_EMPTY_BODY = YES;
				CLANG_WARN_ENUM_CONVERSION = YES;
				CLANG_WARN_INFINITE_RECURSION = YES;
				CLANG_WARN_INT_CONVERSION = YES;
				CLANG_WARN_OBJC_ROOT_CLASS = YES_ERROR;
				CLANG_WARN_SUSPICIOUS_MOVE = YES;
				CLANG_WARN_UNREACHABLE_CODE = YES;
				CLANG_WARN__DUPLICATE_METHOD_MATCH = YES;
				"CODE_SIGN_IDENTITY[sdk=iphoneos*]" = "iPhone Developer";
				COPY_PHASE_STRIP = NO;
				CURRENT_PROJECT_VERSION = 1;
				DEBUG_INFORMATION_FORMAT = dwarf;
				ENABLE_STRICT_OBJC_MSGSEND = YES;
				ENABLE_TESTABILITY = YES;
				GCC_C_LANGUAGE_STANDARD = gnu99;
				GCC_DYNAMIC_NO_PIC = NO;
				GCC_NO_COMMON_BLOCKS = YES;
				GCC_OPTIMIZATION_LEVEL = 0;
				GCC_PREPROCESSOR_DEFINITIONS = (
					"DEBUG=1",
					"$(inherited)",
				);
				GCC_WARN_64_TO_32_BIT_CONVERSION = YES;
				GCC_WARN_ABOUT_RETURN_TYPE = YES_ERROR;
				GCC_WARN_UNDECLARED_SELECTOR = YES;
				GCC_WARN_UNINITIALIZED_AUTOS = YES_AGGRESSIVE;
				GCC_WARN_UNUSED_FUNCTION = YES;
				GCC_WARN_UNUSED_VARIABLE = YES;
				IPHONEOS_DEPLOYMENT_TARGET = 10.2;
				MTL_ENABLE_DEBUG_INFO = YES;
				ONLY_ACTIVE_ARCH = YES;
				SDKROOT = iphoneos;
				SWIFT_ACTIVE_COMPILATION_CONDITIONS = DEBUG;
				SWIFT_OPTIMIZATION_LEVEL = "-Onone";
				TARGETED_DEVICE_FAMILY = "1,2";
				VERSIONING_SYSTEM = "apple-generic";
				VERSION_INFO_PREFIX = "";
			};
			name = Debug;
		};
		9C1D57741E27F95D00DAFD50 /* Release */ = {
			isa = XCBuildConfiguration;
			buildSettings = {
				ALWAYS_SEARCH_USER_PATHS = NO;
				CLANG_ANALYZER_NONNULL = YES;
				CLANG_CXX_LANGUAGE_STANDARD = "gnu++0x";
				CLANG_CXX_LIBRARY = "libc++";
				CLANG_ENABLE_MODULES = YES;
				CLANG_ENABLE_OBJC_ARC = YES;
				CLANG_WARN_BOOL_CONVERSION = YES;
				CLANG_WARN_CONSTANT_CONVERSION = YES;
				CLANG_WARN_DIRECT_OBJC_ISA_USAGE = YES_ERROR;
				CLANG_WARN_DOCUMENTATION_COMMENTS = YES;
				CLANG_WARN_EMPTY_BODY = YES;
				CLANG_WARN_ENUM_CONVERSION = YES;
				CLANG_WARN_INFINITE_RECURSION = YES;
				CLANG_WARN_INT_CONVERSION = YES;
				CLANG_WARN_OBJC_ROOT_CLASS = YES_ERROR;
				CLANG_WARN_SUSPICIOUS_MOVE = YES;
				CLANG_WARN_UNREACHABLE_CODE = YES;
				CLANG_WARN__DUPLICATE_METHOD_MATCH = YES;
				"CODE_SIGN_IDENTITY[sdk=iphoneos*]" = "iPhone Developer";
				COPY_PHASE_STRIP = NO;
				CURRENT_PROJECT_VERSION = 1;
				DEBUG_INFORMATION_FORMAT = "dwarf-with-dsym";
				ENABLE_NS_ASSERTIONS = NO;
				ENABLE_STRICT_OBJC_MSGSEND = YES;
				GCC_C_LANGUAGE_STANDARD = gnu99;
				GCC_NO_COMMON_BLOCKS = YES;
				GCC_WARN_64_TO_32_BIT_CONVERSION = YES;
				GCC_WARN_ABOUT_RETURN_TYPE = YES_ERROR;
				GCC_WARN_UNDECLARED_SELECTOR = YES;
				GCC_WARN_UNINITIALIZED_AUTOS = YES_AGGRESSIVE;
				GCC_WARN_UNUSED_FUNCTION = YES;
				GCC_WARN_UNUSED_VARIABLE = YES;
				IPHONEOS_DEPLOYMENT_TARGET = 10.2;
				MTL_ENABLE_DEBUG_INFO = NO;
				SDKROOT = iphoneos;
				SWIFT_OPTIMIZATION_LEVEL = "-Owholemodule";
				TARGETED_DEVICE_FAMILY = "1,2";
				VALIDATE_PRODUCT = YES;
				VERSIONING_SYSTEM = "apple-generic";
				VERSION_INFO_PREFIX = "";
			};
			name = Release;
		};
		9C1D57761E27F95D00DAFD50 /* Debug */ = {
			isa = XCBuildConfiguration;
			buildSettings = {
				CODE_SIGN_IDENTITY = "";
				DEFINES_MODULE = YES;
				DYLIB_COMPATIBILITY_VERSION = 1;
				DYLIB_CURRENT_VERSION = 1;
				DYLIB_INSTALL_NAME_BASE = "@rpath";
				INFOPLIST_FILE = FontAwesomeSwift/Info.plist;
				INSTALL_PATH = "$(LOCAL_LIBRARY_DIR)/Frameworks";
				LD_RUNPATH_SEARCH_PATHS = "$(inherited) @executable_path/Frameworks @loader_path/Frameworks";
				PRODUCT_BUNDLE_IDENTIFIER = com.arcanfel.FontAwesomeSwift;
				PRODUCT_NAME = "$(TARGET_NAME)";
				SKIP_INSTALL = YES;
				SWIFT_VERSION = 3.0;
			};
			name = Debug;
		};
		9C1D57771E27F95D00DAFD50 /* Release */ = {
			isa = XCBuildConfiguration;
			buildSettings = {
				CODE_SIGN_IDENTITY = "";
				DEFINES_MODULE = YES;
				DYLIB_COMPATIBILITY_VERSION = 1;
				DYLIB_CURRENT_VERSION = 1;
				DYLIB_INSTALL_NAME_BASE = "@rpath";
				INFOPLIST_FILE = FontAwesomeSwift/Info.plist;
				INSTALL_PATH = "$(LOCAL_LIBRARY_DIR)/Frameworks";
				LD_RUNPATH_SEARCH_PATHS = "$(inherited) @executable_path/Frameworks @loader_path/Frameworks";
				PRODUCT_BUNDLE_IDENTIFIER = com.arcanfel.FontAwesomeSwift;
				PRODUCT_NAME = "$(TARGET_NAME)";
				SKIP_INSTALL = YES;
				SWIFT_VERSION = 3.0;
			};
			name = Release;
		};
/* End XCBuildConfiguration section */

/* Begin XCConfigurationList section */
		9C1D57671E27F95D00DAFD50 /* Build configuration list for PBXProject "FontAwesomeSwift" */ = {
			isa = XCConfigurationList;
			buildConfigurations = (
				9C1D57731E27F95D00DAFD50 /* Debug */,
				9C1D57741E27F95D00DAFD50 /* Release */,
			);
			defaultConfigurationIsVisible = 0;
			defaultConfigurationName = Release;
		};
		9C1D57751E27F95D00DAFD50 /* Build configuration list for PBXNativeTarget "FontAwesomeSwift" */ = {
			isa = XCConfigurationList;
			buildConfigurations = (
				9C1D57761E27F95D00DAFD50 /* Debug */,
				9C1D57771E27F95D00DAFD50 /* Release */,
			);
			defaultConfigurationIsVisible = 0;
		};
/* End XCConfigurationList section */
	};
	rootObject = 9C1D57641E27F95D00DAFD50 /* Project object */;
}
